
Microsoft Visual Studio Solution File, Format Version 12.00
# Visual Studio Version 16
VisualStudioVersion = 16.0.31829.152
MinimumVisualStudioVersion = 10.0.40219.1
Project("{FAE04EC0-301F-11D3-BF4B-00C04F79EFBC}") = "HiddenVilla_Server", "HiddenVilla_Server\HiddenVilla_Server.csproj", "{43E31FF2-1DB5-4F30-9FFC-B0DB2378FD6C}"
EndProject
Global
	GlobalSection(SolutionConfigurationPlatforms) = preSolution
		Debug|Any CPU = Debug|Any CPU
		Release|Any CPU = Release|Any CPU
	EndGlobalSection
	GlobalSection(ProjectConfigurationPlatforms) = postSolution
		{43E31FF2-1DB5-4F30-9FFC-B0DB2378FD6C}.Debug|Any CPU.ActiveCfg = Debug|Any CPU
		{43E31FF2-1DB5-4F30-9FFC-B0DB2378FD6C}.Debug|Any CPU.Build.0 = Debug|Any CPU
		{43E31FF2-1DB5-4F30-9FFC-B0DB2378FD6C}.Release|Any CPU.ActiveCfg = Release|Any CPU
		{43E31FF2-1DB5-4F30-9FFC-B0DB2378FD6C}.Release|Any CPU.Build.0 = Release|Any CPU
	EndGlobalSection
	GlobalSection(SolutionProperties) = preSolution
		HideSolutionNode = FALSE
	EndGlobalSection
	GlobalSection(ExtensibilityGlobals) = postSolution
		SolutionGuid = {35297118-39DB-498D-9B7B-887D7915A803}
	EndGlobalSection
EndGlobal
